
Microsoft Visual Studio Solution File, Format Version 12.00
# Visual Studio 15
VisualStudioVersion = 15.0.26730.16
MinimumVisualStudioVersion = 10.0.40219.1
Project("{FAE04EC0-301F-11D3-BF4B-00C04F79EFBC}") = "epicSpiesChallenge", "epicSpiesChallenge\epicSpiesChallenge.csproj", "{6AF65A75-57C1-45EB-A87D-6C2A770421BD}"
EndProject
Global
	GlobalSection(SolutionConfigurationPlatforms) = preSolution
		Debug|Any CPU = Debug|Any CPU
		Release|Any CPU = Release|Any CPU
	EndGlobalSection
	GlobalSection(ProjectConfigurationPlatforms) = postSolution
		{6AF65A75-57C1-45EB-A87D-6C2A770421BD}.Debug|Any CPU.ActiveCfg = Debug|Any CPU
		{6AF65A75-57C1-45EB-A87D-6C2A770421BD}.Debug|Any CPU.Build.0 = Debug|Any CPU
		{6AF65A75-57C1-45EB-A87D-6C2A770421BD}.Release|Any CPU.ActiveCfg = Release|Any CPU
		{6AF65A75-57C1-45EB-A87D-6C2A770421BD}.Release|Any CPU.Build.0 = Release|Any CPU
	EndGlobalSection
	GlobalSection(SolutionProperties) = preSolution
		HideSolutionNode = FALSE
	EndGlobalSection
	GlobalSection(ExtensibilityGlobals) = postSolution
		SolutionGuid = {C43AE552-A8CE-49E9-A1EE-A954AA70D70E}
	EndGlobalSection
EndGlobal
